
Microsoft Visual Studio Solution File, Format Version 12.00
# Visual Studio Version 16
VisualStudioVersion = 16.0.32901.82
MinimumVisualStudioVersion = 10.0.40219.1
Project("{FAE04EC0-301F-11D3-BF4B-00C04F79EFBC}") = "final_project", "final_project.csproj", "{8FBC1B45-3238-4BF9-B00B-A9B3D9B7AB9E}"
EndProject
Global
	GlobalSection(SolutionConfigurationPlatforms) = preSolution
		Debug|Any CPU = Debug|Any CPU
		Release|Any CPU = Release|Any CPU
	EndGlobalSection
	GlobalSection(ProjectConfigurationPlatforms) = postSolution
		{8FBC1B45-3238-4BF9-B00B-A9B3D9B7AB9E}.Debug|Any CPU.ActiveCfg = Debug|Any CPU
		{8FBC1B45-3238-4BF9-B00B-A9B3D9B7AB9E}.Debug|Any CPU.Build.0 = Debug|Any CPU
		{8FBC1B45-3238-4BF9-B00B-A9B3D9B7AB9E}.Release|Any CPU.ActiveCfg = Release|Any CPU
		{8FBC1B45-3238-4BF9-B00B-A9B3D9B7AB9E}.Release|Any CPU.Build.0 = Release|Any CPU
	EndGlobalSection
	GlobalSection(SolutionProperties) = preSolution
		HideSolutionNode = FALSE
	EndGlobalSection
	GlobalSection(ExtensibilityGlobals) = postSolution
		SolutionGuid = {136B72F7-EB18-4FE0-93AB-DD3149F39D02}
	EndGlobalSection
EndGlobal
